// !$*UTF8*$!
{
	archiveVersion = 1;
	classes = {
	};
	objectVersion = 50;
	objects = {

/* Begin PBXBuildFile section */
		BCAAB86B26733C6D00735BAF /* MovieDetailViewController.swift in Sources */ = {isa = PBXBuildFile; fileRef = BCAAB86A26733C6D00735BAF /* MovieDetailViewController.swift */; };
		BCAAB86D2673471700735BAF /* API_Key.swift in Sources */ = {isa = PBXBuildFile; fileRef = BCAAB86C2673471700735BAF /* API_Key.swift */; };
		BCC0E5EF26752CAF00E12B3E /* Theme.swift in Sources */ = {isa = PBXBuildFile; fileRef = BCC0E5EE26752CAF00E12B3E /* Theme.swift */; };
		BCC0E5F126752E7000E12B3E /* MainViewController.swift in Sources */ = {isa = PBXBuildFile; fileRef = BCC0E5F026752E7000E12B3E /* MainViewController.swift */; };
		BCC0E5F3267570B700E12B3E /* ListModes.swift in Sources */ = {isa = PBXBuildFile; fileRef = BCC0E5F2267570B700E12B3E /* ListModes.swift */; };
		BCC0E5F926759D1800E12B3E /* TVListViewController.swift in Sources */ = {isa = PBXBuildFile; fileRef = BCC0E5F826759D1800E12B3E /* TVListViewController.swift */; };
		BCC0E5FB26759E8900E12B3E /* TVShowCell.swift in Sources */ = {isa = PBXBuildFile; fileRef = BCC0E5FA26759E8900E12B3E /* TVShowCell.swift */; };
		BCC0E5FD2675ADFF00E12B3E /* TVShowDetailViewController.swift in Sources */ = {isa = PBXBuildFile; fileRef = BCC0E5FC2675ADFF00E12B3E /* TVShowDetailViewController.swift */; };
		BCC0E60826770E8500E12B3E /* YoutubePlayer.swift in Sources */ = {isa = PBXBuildFile; fileRef = BCC0E60726770E8400E12B3E /* YoutubePlayer.swift */; };
		BCC0E60D2678643800E12B3E /* MovieListVC_Ext.swift in Sources */ = {isa = PBXBuildFile; fileRef = BCC0E60C2678643800E12B3E /* MovieListVC_Ext.swift */; };
		BCC0E60F267869C100E12B3E /* MovieDetailVC_Ext.swift in Sources */ = {isa = PBXBuildFile; fileRef = BCC0E60E267869C100E12B3E /* MovieDetailVC_Ext.swift */; };
		BCC0E61126786B9200E12B3E /* TVListVC_Ext.swift in Sources */ = {isa = PBXBuildFile; fileRef = BCC0E61026786B9200E12B3E /* TVListVC_Ext.swift */; };
		BCC0E61326786C5A00E12B3E /* TVShowDetailVC_Ext.swift in Sources */ = {isa = PBXBuildFile; fileRef = BCC0E61226786C5A00E12B3E /* TVShowDetailVC_Ext.swift */; };
		BCF1BF602671B52300FB9217 /* AppDelegate.swift in Sources */ = {isa = PBXBuildFile; fileRef = BCF1BF5F2671B52300FB9217 /* AppDelegate.swift */; };
		BCF1BF622671B52300FB9217 /* SceneDelegate.swift in Sources */ = {isa = PBXBuildFile; fileRef = BCF1BF612671B52300FB9217 /* SceneDelegate.swift */; };
		BCF1BF642671B52300FB9217 /* MovieListViewController.swift in Sources */ = {isa = PBXBuildFile; fileRef = BCF1BF632671B52300FB9217 /* MovieListViewController.swift */; };
		BCF1BF6C2671B52500FB9217 /* Assets.xcassets in Resources */ = {isa = PBXBuildFile; fileRef = BCF1BF6B2671B52500FB9217 /* Assets.xcassets */; };
		BCF1BF6F2671B52500FB9217 /* LaunchScreen.storyboard in Resources */ = {isa = PBXBuildFile; fileRef = BCF1BF6D2671B52500FB9217 /* LaunchScreen.storyboard */; };
		BCF1BF7F2671B9BA00FB9217 /* API_Request.swift in Sources */ = {isa = PBXBuildFile; fileRef = BCF1BF7E2671B9BA00FB9217 /* API_Request.swift */; };
		BCF1BF812671BA1F00FB9217 /* API_Response.swift in Sources */ = {isa = PBXBuildFile; fileRef = BCF1BF802671BA1F00FB9217 /* API_Response.swift */; };
		BCF1BF832671BC2900FB9217 /* API_Endpoints.swift in Sources */ = {isa = PBXBuildFile; fileRef = BCF1BF822671BC2900FB9217 /* API_Endpoints.swift */; };
		BCF1BF852671CD0500FB9217 /* MovieCell.swift in Sources */ = {isa = PBXBuildFile; fileRef = BCF1BF842671CD0500FB9217 /* MovieCell.swift */; };
/* End PBXBuildFile section */

/* Begin PBXFileReference section */
		BCAAB86A26733C6D00735BAF /* MovieDetailViewController.swift */ = {isa = PBXFileReference; lastKnownFileType = sourcecode.swift; path = MovieDetailViewController.swift; sourceTree = "<group>"; };
		BCAAB86C2673471700735BAF /* API_Key.swift */ = {isa = PBXFileReference; lastKnownFileType = sourcecode.swift; path = API_Key.swift; sourceTree = "<group>"; };
		BCC0E5EE26752CAF00E12B3E /* Theme.swift */ = {isa = PBXFileReference; lastKnownFileType = sourcecode.swift; path = Theme.swift; sourceTree = "<group>"; };
		BCC0E5F026752E7000E12B3E /* MainViewController.swift */ = {isa = PBXFileReference; lastKnownFileType = sourcecode.swift; path = MainViewController.swift; sourceTree = "<group>"; };
		BCC0E5F2267570B700E12B3E /* ListModes.swift */ = {isa = PBXFileReference; lastKnownFileType = sourcecode.swift; path = ListModes.swift; sourceTree = "<group>"; };
		BCC0E5F826759D1800E12B3E /* TVListViewController.swift */ = {isa = PBXFileReference; lastKnownFileType = sourcecode.swift; path = TVListViewController.swift; sourceTree = "<group>"; };
		BCC0E5FA26759E8900E12B3E /* TVShowCell.swift */ = {isa = PBXFileReference; lastKnownFileType = sourcecode.swift; path = TVShowCell.swift; sourceTree = "<group>"; };
		BCC0E5FC2675ADFF00E12B3E /* TVShowDetailViewController.swift */ = {isa = PBXFileReference; lastKnownFileType = sourcecode.swift; path = TVShowDetailViewController.swift; sourceTree = "<group>"; };
		BCC0E60726770E8400E12B3E /* YoutubePlayer.swift */ = {isa = PBXFileReference; lastKnownFileType = sourcecode.swift; path = YoutubePlayer.swift; sourceTree = "<group>"; };
		BCC0E60C2678643800E12B3E /* MovieListVC_Ext.swift */ = {isa = PBXFileReference; lastKnownFileType = sourcecode.swift; path = MovieListVC_Ext.swift; sourceTree = "<group>"; };
		BCC0E60E267869C100E12B3E /* MovieDetailVC_Ext.swift */ = {isa = PBXFileReference; lastKnownFileType = sourcecode.swift; path = MovieDetailVC_Ext.swift; sourceTree = "<group>"; };
		BCC0E61026786B9200E12B3E /* TVListVC_Ext.swift */ = {isa = PBXFileReference; lastKnownFileType = sourcecode.swift; path = TVListVC_Ext.swift; sourceTree = "<group>"; };
		BCC0E61226786C5A00E12B3E /* TVShowDetailVC_Ext.swift */ = {isa = PBXFileReference; lastKnownFileType = sourcecode.swift; path = TVShowDetailVC_Ext.swift; sourceTree = "<group>"; };
		BCF1BF5C2671B52300FB9217 /* movies-app.app */ = {isa = PBXFileReference; explicitFileType = wrapper.application; includeInIndex = 0; path = "movies-app.app"; sourceTree = BUILT_PRODUCTS_DIR; };
		BCF1BF5F2671B52300FB9217 /* AppDelegate.swift */ = {isa = PBXFileReference; lastKnownFileType = sourcecode.swift; path = AppDelegate.swift; sourceTree = "<group>"; };
		BCF1BF612671B52300FB9217 /* SceneDelegate.swift */ = {isa = PBXFileReference; lastKnownFileType = sourcecode.swift; path = SceneDelegate.swift; sourceTree = "<group>"; };
		BCF1BF632671B52300FB9217 /* MovieListViewController.swift */ = {isa = PBXFileReference; lastKnownFileType = sourcecode.swift; path = MovieListViewController.swift; sourceTree = "<group>"; };
		BCF1BF6B2671B52500FB9217 /* Assets.xcassets */ = {isa = PBXFileReference; lastKnownFileType = folder.assetcatalog; path = Assets.xcassets; sourceTree = "<group>"; };
		BCF1BF6E2671B52500FB9217 /* Base */ = {isa = PBXFileReference; lastKnownFileType = file.storyboard; name = Base; path = Base.lproj/LaunchScreen.storyboard; sourceTree = "<group>"; };
		BCF1BF702671B52500FB9217 /* Info.plist */ = {isa = PBXFileReference; lastKnownFileType = text.plist.xml; path = Info.plist; sourceTree = "<group>"; };
		BCF1BF7E2671B9BA00FB9217 /* API_Request.swift */ = {isa = PBXFileReference; lastKnownFileType = sourcecode.swift; path = API_Request.swift; sourceTree = "<group>"; };
		BCF1BF802671BA1F00FB9217 /* API_Response.swift */ = {isa = PBXFileReference; lastKnownFileType = sourcecode.swift; path = API_Response.swift; sourceTree = "<group>"; };
		BCF1BF822671BC2900FB9217 /* API_Endpoints.swift */ = {isa = PBXFileReference; lastKnownFileType = sourcecode.swift; path = API_Endpoints.swift; sourceTree = "<group>"; };
		BCF1BF842671CD0500FB9217 /* MovieCell.swift */ = {isa = PBXFileReference; lastKnownFileType = sourcecode.swift; path = MovieCell.swift; sourceTree = "<group>"; };
/* End PBXFileReference section */

/* Begin PBXFrameworksBuildPhase section */
		BCF1BF592671B52300FB9217 /* Frameworks */ = {
			isa = PBXFrameworksBuildPhase;
			buildActionMask = 2147483647;
			files = (
			);
			runOnlyForDeploymentPostprocessing = 0;
		};
/* End PBXFrameworksBuildPhase section */

/* Begin PBXGroup section */
		BCC0E5ED26752C9500E12B3E /* Theme */ = {
			isa = PBXGroup;
			children = (
				BCC0E5EE26752CAF00E12B3E /* Theme.swift */,
			);
			path = Theme;
			sourceTree = "<group>";
		};
		BCC0E5F426757B7000E12B3E /* API */ = {
			isa = PBXGroup;
			children = (
				BCAAB86C2673471700735BAF /* API_Key.swift */,
				BCF1BF822671BC2900FB9217 /* API_Endpoints.swift */,
				BCF1BF7E2671B9BA00FB9217 /* API_Request.swift */,
				BCF1BF802671BA1F00FB9217 /* API_Response.swift */,
				BCC0E5F2267570B700E12B3E /* ListModes.swift */,
			);
			path = API;
			sourceTree = "<group>";
		};
		BCC0E5F526757B8800E12B3E /* TableView */ = {
			isa = PBXGroup;
			children = (
				BCF1BF842671CD0500FB9217 /* MovieCell.swift */,
				BCC0E5FA26759E8900E12B3E /* TVShowCell.swift */,
			);
			path = TableView;
			sourceTree = "<group>";
		};
		BCC0E5F626759CC400E12B3E /* Movies */ = {
			isa = PBXGroup;
			children = (
				BCAAB86A26733C6D00735BAF /* MovieDetailViewController.swift */,
				BCF1BF632671B52300FB9217 /* MovieListViewController.swift */,
			);
			path = Movies;
			sourceTree = "<group>";
		};
		BCC0E5F726759CE500E12B3E /* TV Shows */ = {
			isa = PBXGroup;
			children = (
				BCC0E5F826759D1800E12B3E /* TVListViewController.swift */,
				BCC0E5FC2675ADFF00E12B3E /* TVShowDetailViewController.swift */,
			);
			path = "TV Shows";
			sourceTree = "<group>";
		};
		BCC0E5FE2675B6D400E12B3E /* Home Screen */ = {
			isa = PBXGroup;
			children = (
				BCC0E5F026752E7000E12B3E /* MainViewController.swift */,
			);
			path = "Home Screen";
			sourceTree = "<group>";
		};
		BCC0E5FF2675B90E00E12B3E /* Config */ = {
			isa = PBXGroup;
			children = (
				BCF1BF612671B52300FB9217 /* SceneDelegate.swift */,
				BCF1BF5F2671B52300FB9217 /* AppDelegate.swift */,
				BCF1BF6B2671B52500FB9217 /* Assets.xcassets */,
				BCF1BF6D2671B52500FB9217 /* LaunchScreen.storyboard */,
			);
			path = Config;
			sourceTree = "<group>";
		};
		BCC0E60626770E6800E12B3E /* Views */ = {
			isa = PBXGroup;
			children = (
				BCC0E60726770E8400E12B3E /* YoutubePlayer.swift */,
			);
			path = Views;
			sourceTree = "<group>";
		};
		BCC0E60B2678642500E12B3E /* Extensions */ = {
			isa = PBXGroup;
			children = (
				BCC0E60C2678643800E12B3E /* MovieListVC_Ext.swift */,
				BCC0E60E267869C100E12B3E /* MovieDetailVC_Ext.swift */,
				BCC0E61026786B9200E12B3E /* TVListVC_Ext.swift */,
				BCC0E61226786C5A00E12B3E /* TVShowDetailVC_Ext.swift */,
			);
			path = Extensions;
			sourceTree = "<group>";
		};
		BCF1BF532671B52300FB9217 = {
			isa = PBXGroup;
			children = (
				BCF1BF5E2671B52300FB9217 /* movies-app */,
				BCF1BF5D2671B52300FB9217 /* Products */,
			);
			sourceTree = "<group>";
		};
		BCF1BF5D2671B52300FB9217 /* Products */ = {
			isa = PBXGroup;
			children = (
				BCF1BF5C2671B52300FB9217 /* movies-app.app */,
			);
			name = Products;
			sourceTree = "<group>";
		};
		BCF1BF5E2671B52300FB9217 /* movies-app */ = {
			isa = PBXGroup;
			children = (
				BCF1BF702671B52500FB9217 /* Info.plist */,
				BCC0E60B2678642500E12B3E /* Extensions */,
				BCC0E60626770E6800E12B3E /* Views */,
				BCC0E5FF2675B90E00E12B3E /* Config */,
				BCC0E5F526757B8800E12B3E /* TableView */,
				BCC0E5ED26752C9500E12B3E /* Theme */,
				BCF1BF792671B7B300FB9217 /* Models */,
				BCF1BF762671B79400FB9217 /* View Controllers */,
			);
			path = "movies-app";
			sourceTree = "<group>";
		};
		BCF1BF762671B79400FB9217 /* View Controllers */ = {
			isa = PBXGroup;
			children = (
				BCC0E5FE2675B6D400E12B3E /* Home Screen */,
				BCC0E5F726759CE500E12B3E /* TV Shows */,
				BCC0E5F626759CC400E12B3E /* Movies */,
			);
			path = "View Controllers";
			sourceTree = "<group>";
		};
		BCF1BF792671B7B300FB9217 /* Models */ = {
			isa = PBXGroup;
			children = (
				BCC0E5F426757B7000E12B3E /* API */,
			);
			path = Models;
			sourceTree = "<group>";
		};
/* End PBXGroup section */

/* Begin PBXNativeTarget section */
		BCF1BF5B2671B52300FB9217 /* movies-app */ = {
			isa = PBXNativeTarget;
			buildConfigurationList = BCF1BF732671B52500FB9217 /* Build configuration list for PBXNativeTarget "movies-app" */;
			buildPhases = (
				BCF1BF582671B52300FB9217 /* Sources */,
				BCF1BF592671B52300FB9217 /* Frameworks */,
				BCF1BF5A2671B52300FB9217 /* Resources */,
			);
			buildRules = (
			);
			dependencies = (
			);
			name = "movies-app";
			productName = tableViewApp;
			productReference = BCF1BF5C2671B52300FB9217 /* movies-app.app */;
			productType = "com.apple.product-type.application";
		};
/* End PBXNativeTarget section */

/* Begin PBXProject section */
		BCF1BF542671B52300FB9217 /* Project object */ = {
			isa = PBXProject;
			attributes = {
				LastSwiftUpdateCheck = 1250;
				LastUpgradeCheck = 1250;
				TargetAttributes = {
					BCF1BF5B2671B52300FB9217 = {
						CreatedOnToolsVersion = 12.5;
					};
				};
			};
			buildConfigurationList = BCF1BF572671B52300FB9217 /* Build configuration list for PBXProject "movies-app" */;
			compatibilityVersion = "Xcode 9.3";
			developmentRegion = en;
			hasScannedForEncodings = 0;
			knownRegions = (
				en,
				Base,
			);
			mainGroup = BCF1BF532671B52300FB9217;
			productRefGroup = BCF1BF5D2671B52300FB9217 /* Products */;
			projectDirPath = "";
			projectRoot = "";
			targets = (
				BCF1BF5B2671B52300FB9217 /* movies-app */,
			);
		};
/* End PBXProject section */

/* Begin PBXResourcesBuildPhase section */
		BCF1BF5A2671B52300FB9217 /* Resources */ = {
			isa = PBXResourcesBuildPhase;
			buildActionMask = 2147483647;
			files = (
				BCF1BF6F2671B52500FB9217 /* LaunchScreen.storyboard in Resources */,
				BCF1BF6C2671B52500FB9217 /* Assets.xcassets in Resources */,
			);
			runOnlyForDeploymentPostprocessing = 0;
		};
/* End PBXResourcesBuildPhase section */

/* Begin PBXSourcesBuildPhase section */
		BCF1BF582671B52300FB9217 /* Sources */ = {
			isa = PBXSourcesBuildPhase;
			buildActionMask = 2147483647;
			files = (
				BCC0E5FB26759E8900E12B3E /* TVShowCell.swift in Sources */,
				BCF1BF832671BC2900FB9217 /* API_Endpoints.swift in Sources */,
				BCC0E60F267869C100E12B3E /* MovieDetailVC_Ext.swift in Sources */,
				BCC0E5F126752E7000E12B3E /* MainViewController.swift in Sources */,
				BCC0E5EF26752CAF00E12B3E /* Theme.swift in Sources */,
				BCC0E61126786B9200E12B3E /* TVListVC_Ext.swift in Sources */,
				BCC0E61326786C5A00E12B3E /* TVShowDetailVC_Ext.swift in Sources */,
				BCAAB86D2673471700735BAF /* API_Key.swift in Sources */,
				BCF1BF642671B52300FB9217 /* MovieListViewController.swift in Sources */,
				BCF1BF852671CD0500FB9217 /* MovieCell.swift in Sources */,
				BCC0E5F3267570B700E12B3E /* ListModes.swift in Sources */,
				BCC0E60826770E8500E12B3E /* YoutubePlayer.swift in Sources */,
				BCF1BF602671B52300FB9217 /* AppDelegate.swift in Sources */,
				BCC0E60D2678643800E12B3E /* MovieListVC_Ext.swift in Sources */,
				BCAAB86B26733C6D00735BAF /* MovieDetailViewController.swift in Sources */,
				BCC0E5F926759D1800E12B3E /* TVListViewController.swift in Sources */,
				BCF1BF622671B52300FB9217 /* SceneDelegate.swift in Sources */,
				BCC0E5FD2675ADFF00E12B3E /* TVShowDetailViewController.swift in Sources */,
				BCF1BF7F2671B9BA00FB9217 /* API_Request.swift in Sources */,
				BCF1BF812671BA1F00FB9217 /* API_Response.swift in Sources */,
			);
			runOnlyForDeploymentPostprocessing = 0;
		};
/* End PBXSourcesBuildPhase section */

/* Begin PBXVariantGroup section */
		BCF1BF6D2671B52500FB9217 /* LaunchScreen.storyboard */ = {
			isa = PBXVariantGroup;
			children = (
				BCF1BF6E2671B52500FB9217 /* Base */,
			);
			name = LaunchScreen.storyboard;
			sourceTree = "<group>";
		};
/* End PBXVariantGroup section */

/* Begin XCBuildConfiguration section */
		BCF1BF712671B52500FB9217 /* Debug */ = {
			isa = XCBuildConfiguration;
			buildSettings = {
				ALWAYS_SEARCH_USER_PATHS = NO;
				CLANG_ANALYZER_NONNULL = YES;
				CLANG_ANALYZER_NUMBER_OBJECT_CONVERSION = YES_AGGRESSIVE;
				CLANG_CXX_LANGUAGE_STANDARD = "gnu++14";
				CLANG_CXX_LIBRARY = "libc++";
				CLANG_ENABLE_MODULES = YES;
				CLANG_ENABLE_OBJC_ARC = YES;
				CLANG_ENABLE_OBJC_WEAK = YES;
				CLANG_WARN_BLOCK_CAPTURE_AUTORELEASING = YES;
				CLANG_WARN_BOOL_CONVERSION = YES;
				CLANG_WARN_COMMA = YES;
				CLANG_WARN_CONSTANT_CONVERSION = YES;
				CLANG_WARN_DEPRECATED_OBJC_IMPLEMENTATIONS = YES;
				CLANG_WARN_DIRECT_OBJC_ISA_USAGE = YES_ERROR;
				CLANG_WARN_DOCUMENTATION_COMMENTS = YES;
				CLANG_WARN_EMPTY_BODY = YES;
				CLANG_WARN_ENUM_CONVERSION = YES;
				CLANG_WARN_INFINITE_RECURSION = YES;
				CLANG_WARN_INT_CONVERSION = YES;
				CLANG_WARN_NON_LITERAL_NULL_CONVERSION = YES;
				CLANG_WARN_OBJC_IMPLICIT_RETAIN_SELF = YES;
				CLANG_WARN_OBJC_LITERAL_CONVERSION = YES;
				CLANG_WARN_OBJC_ROOT_CLASS = YES_ERROR;
				CLANG_WARN_QUOTED_INCLUDE_IN_FRAMEWORK_HEADER = YES;
				CLANG_WARN_RANGE_LOOP_ANALYSIS = YES;
				CLANG_WARN_STRICT_PROTOTYPES = YES;
				CLANG_WARN_SUSPICIOUS_MOVE = YES;
				CLANG_WARN_UNGUARDED_AVAILABILITY = YES_AGGRESSIVE;
				CLANG_WARN_UNREACHABLE_CODE = YES;
				CLANG_WARN__DUPLICATE_METHOD_MATCH = YES;
				COPY_PHASE_STRIP = NO;
				DEBUG_INFORMATION_FORMAT = dwarf;
				ENABLE_STRICT_OBJC_MSGSEND = YES;
				ENABLE_TESTABILITY = YES;
				GCC_C_LANGUAGE_STANDARD = gnu11;
				GCC_DYNAMIC_NO_PIC = NO;
				GCC_NO_COMMON_BLOCKS = YES;
				GCC_OPTIMIZATION_LEVEL = 0;
				GCC_PREPROCESSOR_DEFINITIONS = (
					"DEBUG=1",
					"$(inherited)",
				);
				GCC_WARN_64_TO_32_BIT_CONVERSION = YES;
				GCC_WARN_ABOUT_RETURN_TYPE = YES_ERROR;
				GCC_WARN_UNDECLARED_SELECTOR = YES;
				GCC_WARN_UNINITIALIZED_AUTOS = YES_AGGRESSIVE;
				GCC_WARN_UNUSED_FUNCTION = YES;
				GCC_WARN_UNUSED_VARIABLE = YES;
				IPHONEOS_DEPLOYMENT_TARGET = 14.5;
				MTL_ENABLE_DEBUG_INFO = INCLUDE_SOURCE;
				MTL_FAST_MATH = YES;
				ONLY_ACTIVE_ARCH = YES;
				SDKROOT = iphoneos;
				SWIFT_ACTIVE_COMPILATION_CONDITIONS = DEBUG;
				SWIFT_OPTIMIZATION_LEVEL = "-Onone";
			};
			name = Debug;
		};
		BCF1BF722671B52500FB9217 /* Release */ = {
			isa = XCBuildConfiguration;
			buildSettings = {
				ALWAYS_SEARCH_USER_PATHS = NO;
				CLANG_ANALYZER_NONNULL = YES;
				CLANG_ANALYZER_NUMBER_OBJECT_CONVERSION = YES_AGGRESSIVE;
				CLANG_CXX_LANGUAGE_STANDARD = "gnu++14";
				CLANG_CXX_LIBRARY = "libc++";
				CLANG_ENABLE_MODULES = YES;
				CLANG_ENABLE_OBJC_ARC = YES;
				CLANG_ENABLE_OBJC_WEAK = YES;
				CLANG_WARN_BLOCK_CAPTURE_AUTORELEASING = YES;
				CLANG_WARN_BOOL_CONVERSION = YES;
				CLANG_WARN_COMMA = YES;
				CLANG_WARN_CONSTANT_CONVERSION = YES;
				CLANG_WARN_DEPRECATED_OBJC_IMPLEMENTATIONS = YES;
				CLANG_WARN_DIRECT_OBJC_ISA_USAGE = YES_ERROR;
				CLANG_WARN_DOCUMENTATION_COMMENTS = YES;
				CLANG_WARN_EMPTY_BODY = YES;
				CLANG_WARN_ENUM_CONVERSION = YES;
				CLANG_WARN_INFINITE_RECURSION = YES;
				CLANG_WARN_INT_CONVERSION = YES;
				CLANG_WARN_NON_LITERAL_NULL_CONVERSION = YES;
				CLANG_WARN_OBJC_IMPLICIT_RETAIN_SELF = YES;
				CLANG_WARN_OBJC_LITERAL_CONVERSION = YES;
				CLANG_WARN_OBJC_ROOT_CLASS = YES_ERROR;
				CLANG_WARN_QUOTED_INCLUDE_IN_FRAMEWORK_HEADER = YES;
				CLANG_WARN_RANGE_LOOP_ANALYSIS = YES;
				CLANG_WARN_STRICT_PROTOTYPES = YES;
				CLANG_WARN_SUSPICIOUS_MOVE = YES;
				CLANG_WARN_UNGUARDED_AVAILABILITY = YES_AGGRESSIVE;
				CLANG_WARN_UNREACHABLE_CODE = YES;
				CLANG_WARN__DUPLICATE_METHOD_MATCH = YES;
				COPY_PHASE_STRIP = NO;
				DEBUG_INFORMATION_FORMAT = "dwarf-with-dsym";
				ENABLE_NS_ASSERTIONS = NO;
				ENABLE_STRICT_OBJC_MSGSEND = YES;
				GCC_C_LANGUAGE_STANDARD = gnu11;
				GCC_NO_COMMON_BLOCKS = YES;
				GCC_WARN_64_TO_32_BIT_CONVERSION = YES;
				GCC_WARN_ABOUT_RETURN_TYPE = YES_ERROR;
				GCC_WARN_UNDECLARED_SELECTOR = YES;
				GCC_WARN_UNINITIALIZED_AUTOS = YES_AGGRESSIVE;
				GCC_WARN_UNUSED_FUNCTION = YES;
				GCC_WARN_UNUSED_VARIABLE = YES;
				IPHONEOS_DEPLOYMENT_TARGET = 14.5;
				MTL_ENABLE_DEBUG_INFO = NO;
				MTL_FAST_MATH = YES;
				SDKROOT = iphoneos;
				SWIFT_COMPILATION_MODE = wholemodule;
				SWIFT_OPTIMIZATION_LEVEL = "-O";
				VALIDATE_PRODUCT = YES;
			};
			name = Release;
		};
		BCF1BF742671B52500FB9217 /* Debug */ = {
			isa = XCBuildConfiguration;
			buildSettings = {
				ASSETCATALOG_COMPILER_APPICON_NAME = AppIcon;
				ASSETCATALOG_COMPILER_GLOBAL_ACCENT_COLOR_NAME = AccentColor;
				CODE_SIGN_STYLE = Automatic;
				DEVELOPMENT_TEAM = ELWJ3MGU37;
				INFOPLIST_FILE = "movies-app/Info.plist";
				IPHONEOS_DEPLOYMENT_TARGET = 14.1;
				LD_RUNPATH_SEARCH_PATHS = (
					"$(inherited)",
					"@executable_path/Frameworks",
				);
				PRODUCT_BUNDLE_IDENTIFIER = "christellenieves.movies-app";
				PRODUCT_NAME = "$(TARGET_NAME)";
				SWIFT_VERSION = 5.0;
				TARGETED_DEVICE_FAMILY = 1;
			};
			name = Debug;
		};
		BCF1BF752671B52500FB9217 /* Release */ = {
			isa = XCBuildConfiguration;
			buildSettings = {
				ASSETCATALOG_COMPILER_APPICON_NAME = AppIcon;
				ASSETCATALOG_COMPILER_GLOBAL_ACCENT_COLOR_NAME = AccentColor;
				CODE_SIGN_STYLE = Automatic;
				DEVELOPMENT_TEAM = ELWJ3MGU37;
				INFOPLIST_FILE = "movies-app/Info.plist";
				IPHONEOS_DEPLOYMENT_TARGET = 14.1;
				LD_RUNPATH_SEARCH_PATHS = (
					"$(inherited)",
					"@executable_path/Frameworks",
				);
				PRODUCT_BUNDLE_IDENTIFIER = "christellenieves.movies-app";
				PRODUCT_NAME = "$(TARGET_NAME)";
				SWIFT_VERSION = 5.0;
				TARGETED_DEVICE_FAMILY = 1;
			};
			name = Release;
		};
/* End XCBuildConfiguration section */

/* Begin XCConfigurationList section */
		BCF1BF572671B52300FB9217 /* Build configuration list for PBXProject "movies-app" */ = {
			isa = XCConfigurationList;
			buildConfigurations = (
				BCF1BF712671B52500FB9217 /* Debug */,
				BCF1BF722671B52500FB9217 /* Release */,
			);
			defaultConfigurationIsVisible = 0;
			defaultConfigurationName = Release;
		};
		BCF1BF732671B52500FB9217 /* Build configuration list for PBXNativeTarget "movies-app" */ = {
			isa = XCConfigurationList;
			buildConfigurations = (
				BCF1BF742671B52500FB9217 /* Debug */,
				BCF1BF752671B52500FB9217 /* Release */,
			);
			defaultConfigurationIsVisible = 0;
			defaultConfigurationName = Release;
		};
/* End XCConfigurationList section */
	};
	rootObject = BCF1BF542671B52300FB9217 /* Project object */;
}
